
Microsoft Visual Studio Solution File, Format Version 12.00
# Visual Studio Version 17
VisualStudioVersion = 17.8.34525.116
MinimumVisualStudioVersion = 10.0.40219.1
Project("{FAE04EC0-301F-11D3-BF4B-00C04F79EFBC}") = "Task4", "Task4\Task4.csproj", "{06E88881-40E5-40C2-9516-8C2B5ED36A96}"
EndProject
Global
	GlobalSection(SolutionConfigurationPlatforms) = preSolution
		Debug|Any CPU = Debug|Any CPU
		Release|Any CPU = Release|Any CPU
	EndGlobalSection
	GlobalSection(ProjectConfigurationPlatforms) = postSolution
		{06E88881-40E5-40C2-9516-8C2B5ED36A96}.Debug|Any CPU.ActiveCfg = Debug|Any CPU
		{06E88881-40E5-40C2-9516-8C2B5ED36A96}.Debug|Any CPU.Build.0 = Debug|Any CPU
		{06E88881-40E5-40C2-9516-8C2B5ED36A96}.Release|Any CPU.ActiveCfg = Release|Any CPU
		{06E88881-40E5-40C2-9516-8C2B5ED36A96}.Release|Any CPU.Build.0 = Release|Any CPU
	EndGlobalSection
	GlobalSection(SolutionProperties) = preSolution
		HideSolutionNode = FALSE
	EndGlobalSection
	GlobalSection(ExtensibilityGlobals) = postSolution
		SolutionGuid = {82B7D4A8-3613-42E1-B102-1F8A1ABC7C02}
	EndGlobalSection
EndGlobal
